
Microsoft Visual Studio Solution File, Format Version 12.00
# Visual Studio Version 17
VisualStudioVersion = 17.0.32112.339
MinimumVisualStudioVersion = 10.0.40219.1
Project("{FAE04EC0-301F-11D3-BF4B-00C04F79EFBC}") = "Szyfrcezara", "Szyfrcezara\Szyfrcezara.csproj", "{CD19E82D-3501-4243-B84C-888A0F0E62B3}"
EndProject
Global
	GlobalSection(SolutionConfigurationPlatforms) = preSolution
		Debug|Any CPU = Debug|Any CPU
		Release|Any CPU = Release|Any CPU
	EndGlobalSection
	GlobalSection(ProjectConfigurationPlatforms) = postSolution
		{CD19E82D-3501-4243-B84C-888A0F0E62B3}.Debug|Any CPU.ActiveCfg = Debug|Any CPU
		{CD19E82D-3501-4243-B84C-888A0F0E62B3}.Debug|Any CPU.Build.0 = Debug|Any CPU
		{CD19E82D-3501-4243-B84C-888A0F0E62B3}.Release|Any CPU.ActiveCfg = Release|Any CPU
		{CD19E82D-3501-4243-B84C-888A0F0E62B3}.Release|Any CPU.Build.0 = Release|Any CPU
	EndGlobalSection
	GlobalSection(SolutionProperties) = preSolution
		HideSolutionNode = FALSE
	EndGlobalSection
	GlobalSection(ExtensibilityGlobals) = postSolution
		SolutionGuid = {6788D663-D466-4DF7-87A2-8FB434CDA8F9}
	EndGlobalSection
EndGlobal
